
Microsoft Visual Studio Solution File, Format Version 12.00
# Visual Studio 15
VisualStudioVersion = 15.0.28307.438
MinimumVisualStudioVersion = 10.0.40219.1
Project("{FAE04EC0-301F-11D3-BF4B-00C04F79EFBC}") = "xadrez_console", "xadrez_console\xadrez_console.csproj", "{0B99CB2B-6A03-4F47-A504-4DDBE703DFDC}"
EndProject
Global
	GlobalSection(SolutionConfigurationPlatforms) = preSolution
		Debug|Any CPU = Debug|Any CPU
		Release|Any CPU = Release|Any CPU
	EndGlobalSection
	GlobalSection(ProjectConfigurationPlatforms) = postSolution
		{0B99CB2B-6A03-4F47-A504-4DDBE703DFDC}.Debug|Any CPU.ActiveCfg = Debug|Any CPU
		{0B99CB2B-6A03-4F47-A504-4DDBE703DFDC}.Debug|Any CPU.Build.0 = Debug|Any CPU
		{0B99CB2B-6A03-4F47-A504-4DDBE703DFDC}.Release|Any CPU.ActiveCfg = Release|Any CPU
		{0B99CB2B-6A03-4F47-A504-4DDBE703DFDC}.Release|Any CPU.Build.0 = Release|Any CPU
	EndGlobalSection
	GlobalSection(SolutionProperties) = preSolution
		HideSolutionNode = FALSE
	EndGlobalSection
	GlobalSection(ExtensibilityGlobals) = postSolution
		SolutionGuid = {BA7D00F4-6599-4045-B74A-A3111ACCFEBA}
	EndGlobalSection
EndGlobal
